
Microsoft Visual Studio Solution File, Format Version 12.00
# Visual Studio Version 17
VisualStudioVersion = 17.7.34031.279
MinimumVisualStudioVersion = 10.0.40219.1
Project("{9A19103F-16F7-4668-BE54-9A1E7A4F7556}") = "ScreenSavvy", "ScreenSavvy\ScreenSavvy.csproj", "{CFEED5E8-A9F7-43FC-91FB-984314E6EA89}"
EndProject
Project("{9A19103F-16F7-4668-BE54-9A1E7A4F7556}") = "ScreenSavvy.DataAccess", "ScreenSavvy.DataAccess\ScreenSavvy.DataAccess.csproj", "{D7F7FB43-2F69-43E4-83AF-6E5CCA9E0ADA}"
EndProject
Project("{9A19103F-16F7-4668-BE54-9A1E7A4F7556}") = "ScreenSavvy.Models", "ScreenSavvy.Models\ScreenSavvy.Models.csproj", "{1B83D75D-46BA-4F24-8FD6-BDB8BC802374}"
EndProject
Project("{9A19103F-16F7-4668-BE54-9A1E7A4F7556}") = "ScreenSavvy.Utility", "ScreenSavvy.Utility\ScreenSavvy.Utility.csproj", "{48FC827A-7819-45D7-AED0-4295FA48C005}"
EndProject
Global
	GlobalSection(SolutionConfigurationPlatforms) = preSolution
		Debug|Any CPU = Debug|Any CPU
		Release|Any CPU = Release|Any CPU
	EndGlobalSection
	GlobalSection(ProjectConfigurationPlatforms) = postSolution
		{CFEED5E8-A9F7-43FC-91FB-984314E6EA89}.Debug|Any CPU.ActiveCfg = Debug|Any CPU
		{CFEED5E8-A9F7-43FC-91FB-984314E6EA89}.Debug|Any CPU.Build.0 = Debug|Any CPU
		{CFEED5E8-A9F7-43FC-91FB-984314E6EA89}.Release|Any CPU.ActiveCfg = Release|Any CPU
		{CFEED5E8-A9F7-43FC-91FB-984314E6EA89}.Release|Any CPU.Build.0 = Release|Any CPU
		{D7F7FB43-2F69-43E4-83AF-6E5CCA9E0ADA}.Debug|Any CPU.ActiveCfg = Debug|Any CPU
		{D7F7FB43-2F69-43E4-83AF-6E5CCA9E0ADA}.Debug|Any CPU.Build.0 = Debug|Any CPU
		{D7F7FB43-2F69-43E4-83AF-6E5CCA9E0ADA}.Release|Any CPU.ActiveCfg = Release|Any CPU
		{D7F7FB43-2F69-43E4-83AF-6E5CCA9E0ADA}.Release|Any CPU.Build.0 = Release|Any CPU
		{1B83D75D-46BA-4F24-8FD6-BDB8BC802374}.Debug|Any CPU.ActiveCfg = Debug|Any CPU
		{1B83D75D-46BA-4F24-8FD6-BDB8BC802374}.Debug|Any CPU.Build.0 = Debug|Any CPU
		{1B83D75D-46BA-4F24-8FD6-BDB8BC802374}.Release|Any CPU.ActiveCfg = Release|Any CPU
		{1B83D75D-46BA-4F24-8FD6-BDB8BC802374}.Release|Any CPU.Build.0 = Release|Any CPU
		{48FC827A-7819-45D7-AED0-4295FA48C005}.Debug|Any CPU.ActiveCfg = Debug|Any CPU
		{48FC827A-7819-45D7-AED0-4295FA48C005}.Debug|Any CPU.Build.0 = Debug|Any CPU
		{48FC827A-7819-45D7-AED0-4295FA48C005}.Release|Any CPU.ActiveCfg = Release|Any CPU
		{48FC827A-7819-45D7-AED0-4295FA48C005}.Release|Any CPU.Build.0 = Release|Any CPU
	EndGlobalSection
	GlobalSection(SolutionProperties) = preSolution
		HideSolutionNode = FALSE
	EndGlobalSection
	GlobalSection(ExtensibilityGlobals) = postSolution
		SolutionGuid = {D5289189-9265-4870-9599-006F167E6B6C}
	EndGlobalSection
EndGlobal
